
Microsoft Visual Studio Solution File, Format Version 12.00
# Visual Studio Version 17
VisualStudioVersion = 17.0.31903.59
MinimumVisualStudioVersion = 10.0.40219.1
Project("{E24C65DC-7377-472B-9ABA-BC803B73C61A}") = "game", ".", "{A0B68E06-1AFC-4CE6-AD66-E7111CAACCF4}"
	ProjectSection(WebsiteProperties) = preProject
		TargetFrameworkMoniker = ".NETFramework,Version%3Dv4.7.2"
		Debug.AspNetCompiler.VirtualPath = "/localhost_59257"
		Debug.AspNetCompiler.PhysicalPath = "..\game\"
		Debug.AspNetCompiler.TargetPath = "PrecompiledWeb\localhost_59257\"
		Debug.AspNetCompiler.Updateable = "true"
		Debug.AspNetCompiler.ForceOverwrite = "true"
		Debug.AspNetCompiler.FixedNames = "false"
		Debug.AspNetCompiler.Debug = "True"
		Release.AspNetCompiler.VirtualPath = "/localhost_59257"
		Release.AspNetCompiler.PhysicalPath = "..\game\"
		Release.AspNetCompiler.TargetPath = "PrecompiledWeb\localhost_59257\"
		Release.AspNetCompiler.Updateable = "true"
		Release.AspNetCompiler.ForceOverwrite = "true"
		Release.AspNetCompiler.FixedNames = "false"
		Release.AspNetCompiler.Debug = "False"
		VWDPort = "59257"
		SlnRelativePath = "..\game\"
		DefaultWebSiteLanguage = "Visual C#"
	EndProjectSection
EndProject
Global
	GlobalSection(SolutionConfigurationPlatforms) = preSolution
		Debug|Any CPU = Debug|Any CPU
	EndGlobalSection
	GlobalSection(ProjectConfigurationPlatforms) = postSolution
		{A0B68E06-1AFC-4CE6-AD66-E7111CAACCF4}.Debug|Any CPU.ActiveCfg = Debug|Any CPU
		{A0B68E06-1AFC-4CE6-AD66-E7111CAACCF4}.Debug|Any CPU.Build.0 = Debug|Any CPU
	EndGlobalSection
	GlobalSection(SolutionProperties) = preSolution
		HideSolutionNode = FALSE
	EndGlobalSection
	GlobalSection(ExtensibilityGlobals) = postSolution
		SolutionGuid = {453039DA-2660-4CDC-9B7D-D4EC6DD9582E}
	EndGlobalSection
EndGlobal
